
Microsoft Visual Studio Solution File, Format Version 12.00
# Visual Studio Version 16
VisualStudioVersion = 16.0.30709.64
MinimumVisualStudioVersion = 10.0.40219.1
Project("{FAE04EC0-301F-11D3-BF4B-00C04F79EFBC}") = "CovidStats", "CovidStats\CovidStats.csproj", "{C860EED0-7BFE-4BB4-804F-0292C696B760}"
EndProject
Global
	GlobalSection(SolutionConfigurationPlatforms) = preSolution
		Debug|Any CPU = Debug|Any CPU
		Release|Any CPU = Release|Any CPU
	EndGlobalSection
	GlobalSection(ProjectConfigurationPlatforms) = postSolution
		{C860EED0-7BFE-4BB4-804F-0292C696B760}.Debug|Any CPU.ActiveCfg = Debug|Any CPU
		{C860EED0-7BFE-4BB4-804F-0292C696B760}.Debug|Any CPU.Build.0 = Debug|Any CPU
		{C860EED0-7BFE-4BB4-804F-0292C696B760}.Release|Any CPU.ActiveCfg = Release|Any CPU
		{C860EED0-7BFE-4BB4-804F-0292C696B760}.Release|Any CPU.Build.0 = Release|Any CPU
	EndGlobalSection
	GlobalSection(SolutionProperties) = preSolution
		HideSolutionNode = FALSE
	EndGlobalSection
	GlobalSection(ExtensibilityGlobals) = postSolution
		SolutionGuid = {0D83C630-D4E5-4FC0-9D43-60093B5F062C}
	EndGlobalSection
EndGlobal
